
Microsoft Visual Studio Solution File, Format Version 12.00
# Visual Studio Version 16
VisualStudioVersion = 16.0.31112.23
MinimumVisualStudioVersion = 10.0.40219.1
Project("{FAE04EC0-301F-11D3-BF4B-00C04F79EFBC}") = "Entidades", "Entidades\Entidades.csproj", "{672DE153-FD30-4392-9234-D7270C9D74DE}"
EndProject
Project("{FAE04EC0-301F-11D3-BF4B-00C04F79EFBC}") = "Test", "Test\Test.csproj", "{8946F4A7-8C37-4C53-91C9-FB8D803D3F31}"
EndProject
Project("{FAE04EC0-301F-11D3-BF4B-00C04F79EFBC}") = "MenuFabricacion", "MenuFabricacion\MenuFabricacion.csproj", "{E19F42F0-C98A-4D63-9748-B28A31301BDF}"
EndProject
Project("{FAE04EC0-301F-11D3-BF4B-00C04F79EFBC}") = "Test_Fabrica", "Test_Fabrica\Test_Fabrica.csproj", "{2569822B-82F3-4C71-9EF3-69ABD83D524A}"
EndProject
Global
	GlobalSection(SolutionConfigurationPlatforms) = preSolution
		Debug|Any CPU = Debug|Any CPU
		Release|Any CPU = Release|Any CPU
	EndGlobalSection
	GlobalSection(ProjectConfigurationPlatforms) = postSolution
		{672DE153-FD30-4392-9234-D7270C9D74DE}.Debug|Any CPU.ActiveCfg = Debug|Any CPU
		{672DE153-FD30-4392-9234-D7270C9D74DE}.Debug|Any CPU.Build.0 = Debug|Any CPU
		{672DE153-FD30-4392-9234-D7270C9D74DE}.Release|Any CPU.ActiveCfg = Release|Any CPU
		{672DE153-FD30-4392-9234-D7270C9D74DE}.Release|Any CPU.Build.0 = Release|Any CPU
		{8946F4A7-8C37-4C53-91C9-FB8D803D3F31}.Debug|Any CPU.ActiveCfg = Debug|Any CPU
		{8946F4A7-8C37-4C53-91C9-FB8D803D3F31}.Debug|Any CPU.Build.0 = Debug|Any CPU
		{8946F4A7-8C37-4C53-91C9-FB8D803D3F31}.Release|Any CPU.ActiveCfg = Release|Any CPU
		{8946F4A7-8C37-4C53-91C9-FB8D803D3F31}.Release|Any CPU.Build.0 = Release|Any CPU
		{E19F42F0-C98A-4D63-9748-B28A31301BDF}.Debug|Any CPU.ActiveCfg = Debug|Any CPU
		{E19F42F0-C98A-4D63-9748-B28A31301BDF}.Debug|Any CPU.Build.0 = Debug|Any CPU
		{E19F42F0-C98A-4D63-9748-B28A31301BDF}.Release|Any CPU.ActiveCfg = Release|Any CPU
		{E19F42F0-C98A-4D63-9748-B28A31301BDF}.Release|Any CPU.Build.0 = Release|Any CPU
		{2569822B-82F3-4C71-9EF3-69ABD83D524A}.Debug|Any CPU.ActiveCfg = Debug|Any CPU
		{2569822B-82F3-4C71-9EF3-69ABD83D524A}.Debug|Any CPU.Build.0 = Debug|Any CPU
		{2569822B-82F3-4C71-9EF3-69ABD83D524A}.Release|Any CPU.ActiveCfg = Release|Any CPU
		{2569822B-82F3-4C71-9EF3-69ABD83D524A}.Release|Any CPU.Build.0 = Release|Any CPU
	EndGlobalSection
	GlobalSection(SolutionProperties) = preSolution
		HideSolutionNode = FALSE
	EndGlobalSection
	GlobalSection(ExtensibilityGlobals) = postSolution
		SolutionGuid = {7AEB3C0D-464E-4C08-99EB-16C91182751E}
	EndGlobalSection
EndGlobal
